// !$*UTF8*$!
{
	archiveVersion = 1;
	classes = {
	};
	objectVersion = 48;
	objects = {

/* Begin PBXBuildFile section */
		305EA7071FC287F200AE1FBC /* libz.tbd in Frameworks */ = {isa = PBXBuildFile; fileRef = 305EA7061FC287F200AE1FBC /* libz.tbd */; };
		305EA7091FC287FB00AE1FBC /* libbz2.tbd in Frameworks */ = {isa = PBXBuildFile; fileRef = 305EA7081FC287FB00AE1FBC /* libbz2.tbd */; };
		3067DC3A1FC3F8C700E17DFA /* DCPathButton.m in Sources */ = {isa = PBXBuildFile; fileRef = 3067DC111FC3F8C400E17DFA /* DCPathButton.m */; };
		3067DC3B1FC3F8C700E17DFA /* DCPathCenterButton.m in Sources */ = {isa = PBXBuildFile; fileRef = 3067DC131FC3F8C400E17DFA /* DCPathCenterButton.m */; };
		3067DC3C1FC3F8C700E17DFA /* DCPathItemButton.m in Sources */ = {isa = PBXBuildFile; fileRef = 3067DC151FC3F8C400E17DFA /* DCPathItemButton.m */; };
		3067DC3D1FC3F8C700E17DFA /* AffineTransformController.m in Sources */ = {isa = PBXBuildFile; fileRef = 3067DC191FC3F8C500E17DFA /* AffineTransformController.m */; };
		3067DC3E1FC3F8C700E17DFA /* BaseAnimationController.m in Sources */ = {isa = PBXBuildFile; fileRef = 3067DC1B1FC3F8C500E17DFA /* BaseAnimationController.m */; };
		3067DC3F1FC3F8C700E17DFA /* BaseViewController.m in Sources */ = {isa = PBXBuildFile; fileRef = 3067DC1D1FC3F8C500E17DFA /* BaseViewController.m */; };
		3067DC401FC3F8C700E17DFA /* ComprehensiveCaseController.m in Sources */ = {isa = PBXBuildFile; fileRef = 3067DC1F1FC3F8C500E17DFA /* ComprehensiveCaseController.m */; };
		3067DC411FC3F8C700E17DFA /* GroupAnimationController.m in Sources */ = {isa = PBXBuildFile; fileRef = 3067DC211FC3F8C500E17DFA /* GroupAnimationController.m */; };
		3067DC421FC3F8C700E17DFA /* KeyFrameAnimationController.m in Sources */ = {isa = PBXBuildFile; fileRef = 3067DC231FC3F8C500E17DFA /* KeyFrameAnimationController.m */; };
		3067DC431FC3F8C700E17DFA /* TransitionAnimationController.m in Sources */ = {isa = PBXBuildFile; fileRef = 3067DC251FC3F8C500E17DFA /* TransitionAnimationController.m */; };
		3067DC441FC3F8C700E17DFA /* TitleButton.m in Sources */ = {isa = PBXBuildFile; fileRef = 3067DC281FC3F8C500E17DFA /* TitleButton.m */; };
		3067DC451FC3F8C700E17DFA /* LeftViewController.m in Sources */ = {isa = PBXBuildFile; fileRef = 3067DC2B1FC3F8C500E17DFA /* LeftViewController.m */; };
		3067DC461FC3F8C700E17DFA /* DWBubbleMenuButton.m in Sources */ = {isa = PBXBuildFile; fileRef = 3067DC2E1FC3F8C500E17DFA /* DWBubbleMenuButton.m */; };
		3067DC471FC3F8C700E17DFA /* SWRevealViewController.m in Sources */ = {isa = PBXBuildFile; fileRef = 3067DC311FC3F8C600E17DFA /* SWRevealViewController.m */; };
		3067DC481FC3F8C700E17DFA /* MCFireworksButton.m in Sources */ = {isa = PBXBuildFile; fileRef = 3067DC341FC3F8C600E17DFA /* MCFireworksButton.m */; };
		3067DC491FC3F8C700E17DFA /* MCFireworksView.m in Sources */ = {isa = PBXBuildFile; fileRef = 3067DC361FC3F8C600E17DFA /* MCFireworksView.m */; };
		3067DC4A1FC3F8C700E17DFA /* RightViewController.m in Sources */ = {isa = PBXBuildFile; fileRef = 3067DC391FC3F8C700E17DFA /* RightViewController.m */; };
		306879AB1FC3BEA20060C62C /* SwiftListViewController.swift in Sources */ = {isa = PBXBuildFile; fileRef = 306879821FC3BEA20060C62C /* SwiftListViewController.swift */; };
		306879AC1FC3BEA20060C62C /* SwiftListViewController.xib in Resources */ = {isa = PBXBuildFile; fileRef = 306879831FC3BEA20060C62C /* SwiftListViewController.xib */; };
		306879AD1FC3BEA20060C62C /* LiveViewController.swift in Sources */ = {isa = PBXBuildFile; fileRef = 306879851FC3BEA20060C62C /* LiveViewController.swift */; };
		306879AE1FC3BEA20060C62C /* HomeModel.swift in Sources */ = {isa = PBXBuildFile; fileRef = 306879871FC3BEA20060C62C /* HomeModel.swift */; };
		306879AF1FC3BEA20060C62C /* XJListTableViewCell.swift in Sources */ = {isa = PBXBuildFile; fileRef = 3068798A1FC3BEA20060C62C /* XJListTableViewCell.swift */; };
		306879B01FC3BEA20060C62C /* XJListTableViewCell.xib in Resources */ = {isa = PBXBuildFile; fileRef = 3068798B1FC3BEA20060C62C /* XJListTableViewCell.xib */; };
		306879B11FC3BEA20060C62C /* LiveTopCollectionView.swift in Sources */ = {isa = PBXBuildFile; fileRef = 3068798D1FC3BEA20060C62C /* LiveTopCollectionView.swift */; };
		306879B21FC3BEA20060C62C /* LiveTopCollectionViewCell.swift in Sources */ = {isa = PBXBuildFile; fileRef = 3068798E1FC3BEA20060C62C /* LiveTopCollectionViewCell.swift */; };
		306879B31FC3BEA20060C62C /* LiveTopCollectionViewCell.xib in Resources */ = {isa = PBXBuildFile; fileRef = 3068798F1FC3BEA20060C62C /* LiveTopCollectionViewCell.xib */; };
		306879B41FC3BEA20060C62C /* LiveTopView.swift in Sources */ = {isa = PBXBuildFile; fileRef = 306879901FC3BEA20060C62C /* LiveTopView.swift */; };
		306879B51FC3BEA20060C62C /* LiveTopView.xib in Resources */ = {isa = PBXBuildFile; fileRef = 306879911FC3BEA20060C62C /* LiveTopView.xib */; };
		306879B61FC3BEA20060C62C /* XJHomeViewModel.swift in Sources */ = {isa = PBXBuildFile; fileRef = 306879931FC3BEA20060C62C /* XJHomeViewModel.swift */; };
		306879B81FC3BEA20060C62C /* SwiftLiveNavigationController.swift in Sources */ = {isa = PBXBuildFile; fileRef = 306879971FC3BEA20060C62C /* SwiftLiveNavigationController.swift */; };
		306879B91FC3BEA20060C62C /* SwiftLiveTabBarController.swift in Sources */ = {isa = PBXBuildFile; fileRef = 306879981FC3BEA20060C62C /* SwiftLiveTabBarController.swift */; };
		306879BA1FC3BEA20060C62C /* XJDomain.bundle in Resources */ = {isa = PBXBuildFile; fileRef = 3068799A1FC3BEA20060C62C /* XJDomain.bundle */; };
		306879BB1FC3BEA20060C62C /* b1.gif in Resources */ = {isa = PBXBuildFile; fileRef = 3068799C1FC3BEA20060C62C /* b1.gif */; };
		306879BC1FC3BEA20060C62C /* b2.gif in Resources */ = {isa = PBXBuildFile; fileRef = 3068799D1FC3BEA20060C62C /* b2.gif */; };
		306879BD1FC3BEA20060C62C /* b3.gif in Resources */ = {isa = PBXBuildFile; fileRef = 3068799E1FC3BEA20060C62C /* b3.gif */; };
		306879BE1FC3BEA20060C62C /* b4.gif in Resources */ = {isa = PBXBuildFile; fileRef = 3068799F1FC3BEA20060C62C /* b4.gif */; };
		306879BF1FC3BEA20060C62C /* b5.gif in Resources */ = {isa = PBXBuildFile; fileRef = 306879A01FC3BEA20060C62C /* b5.gif */; };
		306879C01FC3BEA20060C62C /* c1.gif in Resources */ = {isa = PBXBuildFile; fileRef = 306879A11FC3BEA20060C62C /* c1.gif */; };
		306879C11FC3BEA20060C62C /* c2.gif in Resources */ = {isa = PBXBuildFile; fileRef = 306879A21FC3BEA20060C62C /* c2.gif */; };
		306879C21FC3BEA20060C62C /* c3.gif in Resources */ = {isa = PBXBuildFile; fileRef = 306879A31FC3BEA20060C62C /* c3.gif */; };
		306879C31FC3BEA20060C62C /* c4.png in Resources */ = {isa = PBXBuildFile; fileRef = 306879A41FC3BEA20060C62C /* c4.png */; };
		306879C41FC3BEA20060C62C /* d1.gif in Resources */ = {isa = PBXBuildFile; fileRef = 306879A51FC3BEA20060C62C /* d1.gif */; };
		306879C61FC3BEA20060C62C /* SwiftyPrefixHeader.swift in Sources */ = {isa = PBXBuildFile; fileRef = 306879A81FC3BEA20060C62C /* SwiftyPrefixHeader.swift */; };
		306879C71FC3BEA20060C62C /* XLsn0wAnimationKit.swift in Sources */ = {isa = PBXBuildFile; fileRef = 306879A91FC3BEA20060C62C /* XLsn0wAnimationKit.swift */; };
		306879C81FC3BEA20060C62C /* SwiftNetworkRequest.swift in Sources */ = {isa = PBXBuildFile; fileRef = 306879AA1FC3BEA20060C62C /* SwiftNetworkRequest.swift */; };
		307B35D21FC285A60061C238 /* AFNetwork.m in Sources */ = {isa = PBXBuildFile; fileRef = 307B35B91FC285A60061C238 /* AFNetwork.m */; };
		307B35D31FC285A60061C238 /* LiveNavigationController.m in Sources */ = {isa = PBXBuildFile; fileRef = 307B35BB1FC285A60061C238 /* LiveNavigationController.m */; };
		307B35D41FC285A60061C238 /* NSObject+Log.m in Sources */ = {isa = PBXBuildFile; fileRef = 307B35BD1FC285A60061C238 /* NSObject+Log.m */; };
		307B35D51FC285A60061C238 /* UIView+Extension.m in Sources */ = {isa = PBXBuildFile; fileRef = 307B35BF1FC285A60061C238 /* UIView+Extension.m */; };
		307B35D61FC285A60061C238 /* UIViewController+Extend.m in Sources */ = {isa = PBXBuildFile; fileRef = 307B35C11FC285A60061C238 /* UIViewController+Extend.m */; };
		307B35D71FC285A60061C238 /* ObjcListViewController.m in Sources */ = {isa = PBXBuildFile; fileRef = 307B35C51FC285A60061C238 /* ObjcListViewController.m */; };
		307B35D81FC285A60061C238 /* PlayerViewController.m in Sources */ = {isa = PBXBuildFile; fileRef = 307B35C71FC285A60061C238 /* PlayerViewController.m */; };
		307B35D91FC285A60061C238 /* PlayerModel.m in Sources */ = {isa = PBXBuildFile; fileRef = 307B35CA1FC285A60061C238 /* PlayerModel.m */; };
		307B35DB1FC285A60061C238 /* HeartGiftAnimationView.m in Sources */ = {isa = PBXBuildFile; fileRef = 307B35CF1FC285A60061C238 /* HeartGiftAnimationView.m */; };
		307B35DC1FC285A60061C238 /* ListCell.m in Sources */ = {isa = PBXBuildFile; fileRef = 307B35D11FC285A60061C238 /* ListCell.m */; };
		30D73E7B1FC28A4B001D2778 /* AppDelegate.m in Sources */ = {isa = PBXBuildFile; fileRef = 30D73E6E1FC28A49001D2778 /* AppDelegate.m */; };
		30D73E7F1FC28A4B001D2778 /* main.m in Sources */ = {isa = PBXBuildFile; fileRef = 30D73E751FC28A4A001D2778 /* main.m */; };
		30D73E801FC28A4B001D2778 /* Info.plist in Resources */ = {isa = PBXBuildFile; fileRef = 30D73E771FC28A4B001D2778 /* Info.plist */; };
		30D73E811FC28A4B001D2778 /* Assets.xcassets in Resources */ = {isa = PBXBuildFile; fileRef = 30D73E7A1FC28A4B001D2778 /* Assets.xcassets */; };
		30D73E991FC299B3001D2778 /* LaunchScreen.storyboard in Resources */ = {isa = PBXBuildFile; fileRef = 30D73E971FC299B3001D2778 /* LaunchScreen.storyboard */; };
		30D73E9B1FC2C0FD001D2778 /* IJKMediaFramework.framework in Frameworks */ = {isa = PBXBuildFile; fileRef = 30D73E9A1FC2C0FD001D2778 /* IJKMediaFramework.framework */; };
		DC4E955B01FBC4C38DF1A57B /* Pods_XLsn0wLive.framework in Frameworks */ = {isa = PBXBuildFile; fileRef = AB5A808504F1C83E19123276 /* Pods_XLsn0wLive.framework */; };
/* End PBXBuildFile section */

/* Begin PBXFileReference section */
		036BFB8D18714780280BE5B8 /* Pods-XLsn0wLive.debug.xcconfig */ = {isa = PBXFileReference; includeInIndex = 1; lastKnownFileType = text.xcconfig; name = "Pods-XLsn0wLive.debug.xcconfig"; path = "Pods/Target Support Files/Pods-XLsn0wLive/Pods-XLsn0wLive.debug.xcconfig"; sourceTree = "<group>"; };
		305EA7061FC287F200AE1FBC /* libz.tbd */ = {isa = PBXFileReference; lastKnownFileType = "sourcecode.text-based-dylib-definition"; name = libz.tbd; path = usr/lib/libz.tbd; sourceTree = SDKROOT; };
		305EA7081FC287FB00AE1FBC /* libbz2.tbd */ = {isa = PBXFileReference; lastKnownFileType = "sourcecode.text-based-dylib-definition"; name = libbz2.tbd; path = usr/lib/libbz2.tbd; sourceTree = SDKROOT; };
		305EA70A1FC2880400AE1FBC /* AudioToolbox.framework */ = {isa = PBXFileReference; lastKnownFileType = wrapper.framework; name = AudioToolbox.framework; path = System/Library/Frameworks/AudioToolbox.framework; sourceTree = SDKROOT; };
		305EA70B1FC2882000AE1FBC /* AVFoundation.framework */ = {isa = PBXFileReference; lastKnownFileType = wrapper.framework; name = AVFoundation.framework; path = System/Library/Frameworks/AVFoundation.framework; sourceTree = SDKROOT; };
		305EA70C1FC2882800AE1FBC /* CoreGraphics.framework */ = {isa = PBXFileReference; lastKnownFileType = wrapper.framework; name = CoreGraphics.framework; path = System/Library/Frameworks/CoreGraphics.framework; sourceTree = SDKROOT; };
		305EA70D1FC2882E00AE1FBC /* CoreMedia.framework */ = {isa = PBXFileReference; lastKnownFileType = wrapper.framework; name = CoreMedia.framework; path = System/Library/Frameworks/CoreMedia.framework; sourceTree = SDKROOT; };
		305EA70E1FC2883700AE1FBC /* CoreVideo.framework */ = {isa = PBXFileReference; lastKnownFileType = wrapper.framework; name = CoreVideo.framework; path = System/Library/Frameworks/CoreVideo.framework; sourceTree = SDKROOT; };
		305EA70F1FC2883D00AE1FBC /* MediaPlayer.framework */ = {isa = PBXFileReference; lastKnownFileType = wrapper.framework; name = MediaPlayer.framework; path = System/Library/Frameworks/MediaPlayer.framework; sourceTree = SDKROOT; };
		305EA7101FC2884D00AE1FBC /* MobileCoreServices.framework */ = {isa = PBXFileReference; lastKnownFileType = wrapper.framework; name = MobileCoreServices.framework; path = System/Library/Frameworks/MobileCoreServices.framework; sourceTree = SDKROOT; };
		305EA7111FC2885500AE1FBC /* OpenGLES.framework */ = {isa = PBXFileReference; lastKnownFileType = wrapper.framework; name = OpenGLES.framework; path = System/Library/Frameworks/OpenGLES.framework; sourceTree = SDKROOT; };
		305EA7121FC2885D00AE1FBC /* QuartzCore.framework */ = {isa = PBXFileReference; lastKnownFileType = wrapper.framework; name = QuartzCore.framework; path = System/Library/Frameworks/QuartzCore.framework; sourceTree = SDKROOT; };
		305EA7131FC2886800AE1FBC /* VideoToolbox.framework */ = {isa = PBXFileReference; lastKnownFileType = wrapper.framework; name = VideoToolbox.framework; path = System/Library/Frameworks/VideoToolbox.framework; sourceTree = SDKROOT; };
		305EA7141FC2892000AE1FBC /* UIKit.framework */ = {isa = PBXFileReference; lastKnownFileType = wrapper.framework; name = UIKit.framework; path = System/Library/Frameworks/UIKit.framework; sourceTree = SDKROOT; };
		3067DC101FC3F8C400E17DFA /* DCPathButton.h */ = {isa = PBXFileReference; fileEncoding = 4; lastKnownFileType = sourcecode.c.h; path = DCPathButton.h; sourceTree = "<group>"; };
		3067DC111FC3F8C400E17DFA /* DCPathButton.m */ = {isa = PBXFileReference; fileEncoding = 4; lastKnownFileType = sourcecode.c.objc; path = DCPathButton.m; sourceTree = "<group>"; };
		3067DC121FC3F8C400E17DFA /* DCPathCenterButton.h */ = {isa = PBXFileReference; fileEncoding = 4; lastKnownFileType = sourcecode.c.h; path = DCPathCenterButton.h; sourceTree = "<group>"; };
		3067DC131FC3F8C400E17DFA /* DCPathCenterButton.m */ = {isa = PBXFileReference; fileEncoding = 4; lastKnownFileType = sourcecode.c.objc; path = DCPathCenterButton.m; sourceTree = "<group>"; };
		3067DC141FC3F8C400E17DFA /* DCPathItemButton.h */ = {isa = PBXFileReference; fileEncoding = 4; lastKnownFileType = sourcecode.c.h; path = DCPathItemButton.h; sourceTree = "<group>"; };
		3067DC151FC3F8C400E17DFA /* DCPathItemButton.m */ = {isa = PBXFileReference; fileEncoding = 4; lastKnownFileType = sourcecode.c.objc; path = DCPathItemButton.m; sourceTree = "<group>"; };
		3067DC181FC3F8C500E17DFA /* AffineTransformController.h */ = {isa = PBXFileReference; fileEncoding = 4; lastKnownFileType = sourcecode.c.h; path = AffineTransformController.h; sourceTree = "<group>"; };
		3067DC191FC3F8C500E17DFA /* AffineTransformController.m */ = {isa = PBXFileReference; fileEncoding = 4; lastKnownFileType = sourcecode.c.objc; path = AffineTransformController.m; sourceTree = "<group>"; };
		3067DC1A1FC3F8C500E17DFA /* BaseAnimationController.h */ = {isa = PBXFileReference; fileEncoding = 4; lastKnownFileType = sourcecode.c.h; path = BaseAnimationController.h; sourceTree = "<group>"; };
		3067DC1B1FC3F8C500E17DFA /* BaseAnimationController.m */ = {isa = PBXFileReference; fileEncoding = 4; lastKnownFileType = sourcecode.c.objc; path = BaseAnimationController.m; sourceTree = "<group>"; };
		3067DC1C1FC3F8C500E17DFA /* BaseViewController.h */ = {isa = PBXFileReference; fileEncoding = 4; lastKnownFileType = sourcecode.c.h; path = BaseViewController.h; sourceTree = "<group>"; };
		3067DC1D1FC3F8C500E17DFA /* BaseViewController.m */ = {isa = PBXFileReference; fileEncoding = 4; lastKnownFileType = sourcecode.c.objc; path = BaseViewController.m; sourceTree = "<group>"; };
		3067DC1E1FC3F8C500E17DFA /* ComprehensiveCaseController.h */ = {isa = PBXFileReference; fileEncoding = 4; lastKnownFileType = sourcecode.c.h; path = ComprehensiveCaseController.h; sourceTree = "<group>"; };
		3067DC1F1FC3F8C500E17DFA /* ComprehensiveCaseController.m */ = {isa = PBXFileReference; fileEncoding = 4; lastKnownFileType = sourcecode.c.objc; path = ComprehensiveCaseController.m; sourceTree = "<group>"; };
		3067DC201FC3F8C500E17DFA /* GroupAnimationController.h */ = {isa = PBXFileReference; fileEncoding = 4; lastKnownFileType = sourcecode.c.h; path = GroupAnimationController.h; sourceTree = "<group>"; };
		3067DC211FC3F8C500E17DFA /* GroupAnimationController.m */ = {isa = PBXFileReference; fileEncoding = 4; lastKnownFileType = sourcecode.c.objc; path = GroupAnimationController.m; sourceTree = "<group>"; };
		3067DC221FC3F8C500E17DFA /* KeyFrameAnimationController.h */ = {isa = PBXFileReference; fileEncoding = 4; lastKnownFileType = sourcecode.c.h; path = KeyFrameAnimationController.h; sourceTree = "<group>"; };
		3067DC231FC3F8C500E17DFA /* KeyFrameAnimationController.m */ = {isa = PBXFileReference; fileEncoding = 4; lastKnownFileType = sourcecode.c.objc; path = KeyFrameAnimationController.m; sourceTree = "<group>"; };
		3067DC241FC3F8C500E17DFA /* TransitionAnimationController.h */ = {isa = PBXFileReference; fileEncoding = 4; lastKnownFileType = sourcecode.c.h; path = TransitionAnimationController.h; sourceTree = "<group>"; };
		3067DC251FC3F8C500E17DFA /* TransitionAnimationController.m */ = {isa = PBXFileReference; fileEncoding = 4; lastKnownFileType = sourcecode.c.objc; path = TransitionAnimationController.m; sourceTree = "<group>"; };
		3067DC271FC3F8C500E17DFA /* TitleButton.h */ = {isa = PBXFileReference; fileEncoding = 4; lastKnownFileType = sourcecode.c.h; path = TitleButton.h; sourceTree = "<group>"; };
		3067DC281FC3F8C500E17DFA /* TitleButton.m */ = {isa = PBXFileReference; fileEncoding = 4; lastKnownFileType = sourcecode.c.objc; path = TitleButton.m; sourceTree = "<group>"; };
		3067DC2A1FC3F8C500E17DFA /* LeftViewController.h */ = {isa = PBXFileReference; fileEncoding = 4; lastKnownFileType = sourcecode.c.h; path = LeftViewController.h; sourceTree = "<group>"; };
		3067DC2B1FC3F8C500E17DFA /* LeftViewController.m */ = {isa = PBXFileReference; fileEncoding = 4; lastKnownFileType = sourcecode.c.objc; path = LeftViewController.m; sourceTree = "<group>"; };
		3067DC2D1FC3F8C500E17DFA /* DWBubbleMenuButton.h */ = {isa = PBXFileReference; fileEncoding = 4; lastKnownFileType = sourcecode.c.h; path = DWBubbleMenuButton.h; sourceTree = "<group>"; };
		3067DC2E1FC3F8C500E17DFA /* DWBubbleMenuButton.m */ = {isa = PBXFileReference; fileEncoding = 4; lastKnownFileType = sourcecode.c.objc; path = DWBubbleMenuButton.m; sourceTree = "<group>"; };
		3067DC301FC3F8C600E17DFA /* SWRevealViewController.h */ = {isa = PBXFileReference; fileEncoding = 4; lastKnownFileType = sourcecode.c.h; path = SWRevealViewController.h; sourceTree = "<group>"; };
		3067DC311FC3F8C600E17DFA /* SWRevealViewController.m */ = {isa = PBXFileReference; fileEncoding = 4; lastKnownFileType = sourcecode.c.objc; path = SWRevealViewController.m; sourceTree = "<group>"; };
		3067DC331FC3F8C600E17DFA /* MCFireworksButton.h */ = {isa = PBXFileReference; fileEncoding = 4; lastKnownFileType = sourcecode.c.h; path = MCFireworksButton.h; sourceTree = "<group>"; };
		3067DC341FC3F8C600E17DFA /* MCFireworksButton.m */ = {isa = PBXFileReference; fileEncoding = 4; lastKnownFileType = sourcecode.c.objc; path = MCFireworksButton.m; sourceTree = "<group>"; };
		3067DC351FC3F8C600E17DFA /* MCFireworksView.h */ = {isa = PBXFileReference; fileEncoding = 4; lastKnownFileType = sourcecode.c.h; path = MCFireworksView.h; sourceTree = "<group>"; };
		3067DC361FC3F8C600E17DFA /* MCFireworksView.m */ = {isa = PBXFileReference; fileEncoding = 4; lastKnownFileType = sourcecode.c.objc; path = MCFireworksView.m; sourceTree = "<group>"; };
		3067DC381FC3F8C700E17DFA /* RightViewController.h */ = {isa = PBXFileReference; fileEncoding = 4; lastKnownFileType = sourcecode.c.h; path = RightViewController.h; sourceTree = "<group>"; };
		3067DC391FC3F8C700E17DFA /* RightViewController.m */ = {isa = PBXFileReference; fileEncoding = 4; lastKnownFileType = sourcecode.c.objc; path = RightViewController.m; sourceTree = "<group>"; };
		306879821FC3BEA20060C62C /* SwiftListViewController.swift */ = {isa = PBXFileReference; fileEncoding = 4; lastKnownFileType = sourcecode.swift; path = SwiftListViewController.swift; sourceTree = "<group>"; };
		306879831FC3BEA20060C62C /* SwiftListViewController.xib */ = {isa = PBXFileReference; fileEncoding = 4; lastKnownFileType = file.xib; path = SwiftListViewController.xib; sourceTree = "<group>"; };
		306879851FC3BEA20060C62C /* LiveViewController.swift */ = {isa = PBXFileReference; fileEncoding = 4; lastKnownFileType = sourcecode.swift; path = LiveViewController.swift; sourceTree = "<group>"; };
		306879871FC3BEA20060C62C /* HomeModel.swift */ = {isa = PBXFileReference; fileEncoding = 4; lastKnownFileType = sourcecode.swift; path = HomeModel.swift; sourceTree = "<group>"; };
		3068798A1FC3BEA20060C62C /* XJListTableViewCell.swift */ = {isa = PBXFileReference; fileEncoding = 4; lastKnownFileType = sourcecode.swift; path = XJListTableViewCell.swift; sourceTree = "<group>"; };
		3068798B1FC3BEA20060C62C /* XJListTableViewCell.xib */ = {isa = PBXFileReference; fileEncoding = 4; lastKnownFileType = file.xib; path = XJListTableViewCell.xib; sourceTree = "<group>"; };
		3068798D1FC3BEA20060C62C /* LiveTopCollectionView.swift */ = {isa = PBXFileReference; fileEncoding = 4; lastKnownFileType = sourcecode.swift; path = LiveTopCollectionView.swift; sourceTree = "<group>"; };
		3068798E1FC3BEA20060C62C /* LiveTopCollectionViewCell.swift */ = {isa = PBXFileReference; fileEncoding = 4; lastKnownFileType = sourcecode.swift; path = LiveTopCollectionViewCell.swift; sourceTree = "<group>"; };
		3068798F1FC3BEA20060C62C /* LiveTopCollectionViewCell.xib */ = {isa = PBXFileReference; fileEncoding = 4; lastKnownFileType = file.xib; path = LiveTopCollectionViewCell.xib; sourceTree = "<group>"; };
		306879901FC3BEA20060C62C /* LiveTopView.swift */ = {isa = PBXFileReference; fileEncoding = 4; lastKnownFileType = sourcecode.swift; path = LiveTopView.swift; sourceTree = "<group>"; };
		306879911FC3BEA20060C62C /* LiveTopView.xib */ = {isa = PBXFileReference; fileEncoding = 4; lastKnownFileType = file.xib; path = LiveTopView.xib; sourceTree = "<group>"; };
		306879931FC3BEA20060C62C /* XJHomeViewModel.swift */ = {isa = PBXFileReference; fileEncoding = 4; lastKnownFileType = sourcecode.swift; path = XJHomeViewModel.swift; sourceTree = "<group>"; };
		306879971FC3BEA20060C62C /* SwiftLiveNavigationController.swift */ = {isa = PBXFileReference; fileEncoding = 4; lastKnownFileType = sourcecode.swift; path = SwiftLiveNavigationController.swift; sourceTree = "<group>"; };
		306879981FC3BEA20060C62C /* SwiftLiveTabBarController.swift */ = {isa = PBXFileReference; fileEncoding = 4; lastKnownFileType = sourcecode.swift; path = SwiftLiveTabBarController.swift; sourceTree = "<group>"; };
		3068799A1FC3BEA20060C62C /* XJDomain.bundle */ = {isa = PBXFileReference; lastKnownFileType = "wrapper.plug-in"; path = XJDomain.bundle; sourceTree = "<group>"; };
		3068799C1FC3BEA20060C62C /* b1.gif */ = {isa = PBXFileReference; lastKnownFileType = image.gif; path = b1.gif; sourceTree = "<group>"; };
		3068799D1FC3BEA20060C62C /* b2.gif */ = {isa = PBXFileReference; lastKnownFileType = image.gif; path = b2.gif; sourceTree = "<group>"; };
		3068799E1FC3BEA20060C62C /* b3.gif */ = {isa = PBXFileReference; lastKnownFileType = image.gif; path = b3.gif; sourceTree = "<group>"; };
		3068799F1FC3BEA20060C62C /* b4.gif */ = {isa = PBXFileReference; lastKnownFileType = image.gif; path = b4.gif; sourceTree = "<group>"; };
		306879A01FC3BEA20060C62C /* b5.gif */ = {isa = PBXFileReference; lastKnownFileType = image.gif; path = b5.gif; sourceTree = "<group>"; };
		306879A11FC3BEA20060C62C /* c1.gif */ = {isa = PBXFileReference; lastKnownFileType = image.gif; path = c1.gif; sourceTree = "<group>"; };
		306879A21FC3BEA20060C62C /* c2.gif */ = {isa = PBXFileReference; lastKnownFileType = image.gif; path = c2.gif; sourceTree = "<group>"; };
		306879A31FC3BEA20060C62C /* c3.gif */ = {isa = PBXFileReference; lastKnownFileType = image.gif; path = c3.gif; sourceTree = "<group>"; };
		306879A41FC3BEA20060C62C /* c4.png */ = {isa = PBXFileReference; lastKnownFileType = image.png; path = c4.png; sourceTree = "<group>"; };
		306879A51FC3BEA20060C62C /* d1.gif */ = {isa = PBXFileReference; lastKnownFileType = image.gif; path = d1.gif; sourceTree = "<group>"; };
		306879A81FC3BEA20060C62C /* SwiftyPrefixHeader.swift */ = {isa = PBXFileReference; fileEncoding = 4; lastKnownFileType = sourcecode.swift; path = SwiftyPrefixHeader.swift; sourceTree = "<group>"; };
		306879A91FC3BEA20060C62C /* XLsn0wAnimationKit.swift */ = {isa = PBXFileReference; fileEncoding = 4; lastKnownFileType = sourcecode.swift; path = XLsn0wAnimationKit.swift; sourceTree = "<group>"; };
		306879AA1FC3BEA20060C62C /* SwiftNetworkRequest.swift */ = {isa = PBXFileReference; fileEncoding = 4; lastKnownFileType = sourcecode.swift; path = SwiftNetworkRequest.swift; sourceTree = "<group>"; };
		307B359A1FC279460061C238 /* XLsn0wLive.app */ = {isa = PBXFileReference; explicitFileType = wrapper.application; includeInIndex = 0; path = XLsn0wLive.app; sourceTree = BUILT_PRODUCTS_DIR; };
		307B35B81FC285A60061C238 /* AFNetwork.h */ = {isa = PBXFileReference; fileEncoding = 4; lastKnownFileType = sourcecode.c.h; path = AFNetwork.h; sourceTree = "<group>"; };
		307B35B91FC285A60061C238 /* AFNetwork.m */ = {isa = PBXFileReference; fileEncoding = 4; lastKnownFileType = sourcecode.c.objc; path = AFNetwork.m; sourceTree = "<group>"; };
		307B35BA1FC285A60061C238 /* LiveNavigationController.h */ = {isa = PBXFileReference; fileEncoding = 4; lastKnownFileType = sourcecode.c.h; path = LiveNavigationController.h; sourceTree = "<group>"; };
		307B35BB1FC285A60061C238 /* LiveNavigationController.m */ = {isa = PBXFileReference; fileEncoding = 4; lastKnownFileType = sourcecode.c.objc; path = LiveNavigationController.m; sourceTree = "<group>"; };
		307B35BC1FC285A60061C238 /* NSObject+Log.h */ = {isa = PBXFileReference; fileEncoding = 4; lastKnownFileType = sourcecode.c.h; path = "NSObject+Log.h"; sourceTree = "<group>"; };
		307B35BD1FC285A60061C238 /* NSObject+Log.m */ = {isa = PBXFileReference; fileEncoding = 4; lastKnownFileType = sourcecode.c.objc; path = "NSObject+Log.m"; sourceTree = "<group>"; };
		307B35BE1FC285A60061C238 /* UIView+Extension.h */ = {isa = PBXFileReference; fileEncoding = 4; lastKnownFileType = sourcecode.c.h; path = "UIView+Extension.h"; sourceTree = "<group>"; };
		307B35BF1FC285A60061C238 /* UIView+Extension.m */ = {isa = PBXFileReference; fileEncoding = 4; lastKnownFileType = sourcecode.c.objc; path = "UIView+Extension.m"; sourceTree = "<group>"; };
		307B35C01FC285A60061C238 /* UIViewController+Extend.h */ = {isa = PBXFileReference; fileEncoding = 4; lastKnownFileType = sourcecode.c.h; path = "UIViewController+Extend.h"; sourceTree = "<group>"; };
		307B35C11FC285A60061C238 /* UIViewController+Extend.m */ = {isa = PBXFileReference; fileEncoding = 4; lastKnownFileType = sourcecode.c.objc; path = "UIViewController+Extend.m"; sourceTree = "<group>"; };
		307B35C41FC285A60061C238 /* ObjcListViewController.h */ = {isa = PBXFileReference; fileEncoding = 4; lastKnownFileType = sourcecode.c.h; path = ObjcListViewController.h; sourceTree = "<group>"; };
		307B35C51FC285A60061C238 /* ObjcListViewController.m */ = {isa = PBXFileReference; fileEncoding = 4; lastKnownFileType = sourcecode.c.objc; path = ObjcListViewController.m; sourceTree = "<group>"; };
		307B35C61FC285A60061C238 /* PlayerViewController.h */ = {isa = PBXFileReference; fileEncoding = 4; lastKnownFileType = sourcecode.c.h; path = PlayerViewController.h; sourceTree = "<group>"; };
		307B35C71FC285A60061C238 /* PlayerViewController.m */ = {isa = PBXFileReference; fileEncoding = 4; lastKnownFileType = sourcecode.c.objc; path = PlayerViewController.m; sourceTree = "<group>"; };
		307B35C91FC285A60061C238 /* PlayerModel.h */ = {isa = PBXFileReference; fileEncoding = 4; lastKnownFileType = sourcecode.c.h; path = PlayerModel.h; sourceTree = "<group>"; };
		307B35CA1FC285A60061C238 /* PlayerModel.m */ = {isa = PBXFileReference; fileEncoding = 4; lastKnownFileType = sourcecode.c.objc; path = PlayerModel.m; sourceTree = "<group>"; };
		307B35CE1FC285A60061C238 /* HeartGiftAnimationView.h */ = {isa = PBXFileReference; fileEncoding = 4; lastKnownFileType = sourcecode.c.h; path = HeartGiftAnimationView.h; sourceTree = "<group>"; };
		307B35CF1FC285A60061C238 /* HeartGiftAnimationView.m */ = {isa = PBXFileReference; fileEncoding = 4; lastKnownFileType = sourcecode.c.objc; path = HeartGiftAnimationView.m; sourceTree = "<group>"; };
		307B35D01FC285A60061C238 /* ListCell.h */ = {isa = PBXFileReference; fileEncoding = 4; lastKnownFileType = sourcecode.c.h; path = ListCell.h; sourceTree = "<group>"; };
		307B35D11FC285A60061C238 /* ListCell.m */ = {isa = PBXFileReference; fileEncoding = 4; lastKnownFileType = sourcecode.c.objc; path = ListCell.m; sourceTree = "<group>"; };
		30D73E6E1FC28A49001D2778 /* AppDelegate.m */ = {isa = PBXFileReference; fileEncoding = 4; lastKnownFileType = sourcecode.c.objc; path = AppDelegate.m; sourceTree = "<group>"; };
		30D73E751FC28A4A001D2778 /* main.m */ = {isa = PBXFileReference; fileEncoding = 4; lastKnownFileType = sourcecode.c.objc; path = main.m; sourceTree = "<group>"; };
		30D73E761FC28A4A001D2778 /* AppDelegate.h */ = {isa = PBXFileReference; fileEncoding = 4; lastKnownFileType = sourcecode.c.h; path = AppDelegate.h; sourceTree = "<group>"; };
		30D73E771FC28A4B001D2778 /* Info.plist */ = {isa = PBXFileReference; fileEncoding = 4; lastKnownFileType = text.plist.xml; path = Info.plist; sourceTree = "<group>"; };
		30D73E781FC28A4B001D2778 /* PrefixHeader.pch */ = {isa = PBXFileReference; fileEncoding = 4; lastKnownFileType = sourcecode.c.h; path = PrefixHeader.pch; sourceTree = "<group>"; };
		30D73E7A1FC28A4B001D2778 /* Assets.xcassets */ = {isa = PBXFileReference; lastKnownFileType = folder.assetcatalog; path = Assets.xcassets; sourceTree = "<group>"; };
		30D73E971FC299B3001D2778 /* LaunchScreen.storyboard */ = {isa = PBXFileReference; fileEncoding = 4; lastKnownFileType = file.storyboard; path = LaunchScreen.storyboard; sourceTree = "<group>"; };
		30D73E9A1FC2C0FD001D2778 /* IJKMediaFramework.framework */ = {isa = PBXFileReference; lastKnownFileType = wrapper.framework; path = IJKMediaFramework.framework; sourceTree = "<group>"; };
		30D73E9C1FC2D8C2001D2778 /* XLsn0wLive-Bridging-Header.h */ = {isa = PBXFileReference; lastKnownFileType = sourcecode.c.h; path = "XLsn0wLive-Bridging-Header.h"; sourceTree = "<group>"; };
		44EB7588762EEB080C67D8B8 /* Pods-XLsn0wLive.release.xcconfig */ = {isa = PBXFileReference; includeInIndex = 1; lastKnownFileType = text.xcconfig; name = "Pods-XLsn0wLive.release.xcconfig"; path = "Pods/Target Support Files/Pods-XLsn0wLive/Pods-XLsn0wLive.release.xcconfig"; sourceTree = "<group>"; };
		AB5A808504F1C83E19123276 /* Pods_XLsn0wLive.framework */ = {isa = PBXFileReference; explicitFileType = wrapper.framework; includeInIndex = 0; path = Pods_XLsn0wLive.framework; sourceTree = BUILT_PRODUCTS_DIR; };
/* End PBXFileReference section */

/* Begin PBXFrameworksBuildPhase section */
		307B35971FC279460061C238 /* Frameworks */ = {
			isa = PBXFrameworksBuildPhase;
			buildActionMask = 2147483647;
			files = (
				305EA7071FC287F200AE1FBC /* libz.tbd in Frameworks */,
				305EA7091FC287FB00AE1FBC /* libbz2.tbd in Frameworks */,
				30D73E9B1FC2C0FD001D2778 /* IJKMediaFramework.framework in Frameworks */,
				DC4E955B01FBC4C38DF1A57B /* Pods_XLsn0wLive.framework in Frameworks */,
			);
			runOnlyForDeploymentPostprocessing = 0;
		};
/* End PBXFrameworksBuildPhase section */

/* Begin PBXGroup section */
		3023096E1FC66950002B4F04 /* HeartGiftAnimation */ = {
			isa = PBXGroup;
			children = (
				307B35CE1FC285A60061C238 /* HeartGiftAnimationView.h */,
				307B35CF1FC285A60061C238 /* HeartGiftAnimationView.m */,
			);
			path = HeartGiftAnimation;
			sourceTree = "<group>";
		};
		3023096F1FC6CBBD002B4F04 /* Live */ = {
			isa = PBXGroup;
			children = (
				307B35C31FC285A60061C238 /* Controller */,
				307B35CB1FC285A60061C238 /* View */,
				307B35C81FC285A60061C238 /* Model */,
			);
			path = Live;
			sourceTree = "<group>";
		};
		305DFD041FC57A00006BE4F1 /* List */ = {
			isa = PBXGroup;
			children = (
				307B35C41FC285A60061C238 /* ObjcListViewController.h */,
				307B35C51FC285A60061C238 /* ObjcListViewController.m */,
			);
			path = List;
			sourceTree = "<group>";
		};
		305DFD051FC57A12006BE4F1 /* Live */ = {
			isa = PBXGroup;
			children = (
				307B35C61FC285A60061C238 /* PlayerViewController.h */,
				307B35C71FC285A60061C238 /* PlayerViewController.m */,
			);
			path = Live;
			sourceTree = "<group>";
		};
		305EA7031FC2876300AE1FBC /* IJKMedia */ = {
			isa = PBXGroup;
			children = (
				30D73E9A1FC2C0FD001D2778 /* IJKMediaFramework.framework */,
			);
			path = IJKMedia;
			sourceTree = "<group>";
		};
		3067DC0F1FC3F8C400E17DFA /* DCPathButton */ = {
			isa = PBXGroup;
			children = (
				3067DC101FC3F8C400E17DFA /* DCPathButton.h */,
				3067DC111FC3F8C400E17DFA /* DCPathButton.m */,
				3067DC121FC3F8C400E17DFA /* DCPathCenterButton.h */,
				3067DC131FC3F8C400E17DFA /* DCPathCenterButton.m */,
				3067DC141FC3F8C400E17DFA /* DCPathItemButton.h */,
				3067DC151FC3F8C400E17DFA /* DCPathItemButton.m */,
			);
			path = DCPathButton;
			sourceTree = "<group>";
		};
		3067DC161FC3F8C500E17DFA /* CenterPage */ = {
			isa = PBXGroup;
			children = (
				3067DC171FC3F8C500E17DFA /* Controller */,
				3067DC261FC3F8C500E17DFA /* View */,
			);
			path = CenterPage;
			sourceTree = "<group>";
		};
		3067DC171FC3F8C500E17DFA /* Controller */ = {
			isa = PBXGroup;
			children = (
				3067DC181FC3F8C500E17DFA /* AffineTransformController.h */,
				3067DC191FC3F8C500E17DFA /* AffineTransformController.m */,
				3067DC1A1FC3F8C500E17DFA /* BaseAnimationController.h */,
				3067DC1B1FC3F8C500E17DFA /* BaseAnimationController.m */,
				3067DC1C1FC3F8C500E17DFA /* BaseViewController.h */,
				3067DC1D1FC3F8C500E17DFA /* BaseViewController.m */,
				3067DC1E1FC3F8C500E17DFA /* ComprehensiveCaseController.h */,
				3067DC1F1FC3F8C500E17DFA /* ComprehensiveCaseController.m */,
				3067DC201FC3F8C500E17DFA /* GroupAnimationController.h */,
				3067DC211FC3F8C500E17DFA /* GroupAnimationController.m */,
				3067DC221FC3F8C500E17DFA /* KeyFrameAnimationController.h */,
				3067DC231FC3F8C500E17DFA /* KeyFrameAnimationController.m */,
				3067DC241FC3F8C500E17DFA /* TransitionAnimationController.h */,
				3067DC251FC3F8C500E17DFA /* TransitionAnimationController.m */,
			);
			path = Controller;
			sourceTree = "<group>";
		};
		3067DC261FC3F8C500E17DFA /* View */ = {
			isa = PBXGroup;
			children = (
				3067DC271FC3F8C500E17DFA /* TitleButton.h */,
				3067DC281FC3F8C500E17DFA /* TitleButton.m */,
			);
			path = View;
			sourceTree = "<group>";
		};
		3067DC291FC3F8C500E17DFA /* LeftPage */ = {
			isa = PBXGroup;
			children = (
				3067DC2A1FC3F8C500E17DFA /* LeftViewController.h */,
				3067DC2B1FC3F8C500E17DFA /* LeftViewController.m */,
			);
			path = LeftPage;
			sourceTree = "<group>";
		};
		3067DC2C1FC3F8C500E17DFA /* DWBubbleMenuButton */ = {
			isa = PBXGroup;
			children = (
				3067DC2D1FC3F8C500E17DFA /* DWBubbleMenuButton.h */,
				3067DC2E1FC3F8C500E17DFA /* DWBubbleMenuButton.m */,
			);
			path = DWBubbleMenuButton;
			sourceTree = "<group>";
		};
		3067DC2F1FC3F8C600E17DFA /* SWRevealViewController */ = {
			isa = PBXGroup;
			children = (
				3067DC301FC3F8C600E17DFA /* SWRevealViewController.h */,
				3067DC311FC3F8C600E17DFA /* SWRevealViewController.m */,
			);
			path = SWRevealViewController;
			sourceTree = "<group>";
		};
		3067DC321FC3F8C600E17DFA /* MCFireworksButton */ = {
			isa = PBXGroup;
			children = (
				3067DC331FC3F8C600E17DFA /* MCFireworksButton.h */,
				3067DC341FC3F8C600E17DFA /* MCFireworksButton.m */,
				3067DC351FC3F8C600E17DFA /* MCFireworksView.h */,
				3067DC361FC3F8C600E17DFA /* MCFireworksView.m */,
			);
			path = MCFireworksButton;
			sourceTree = "<group>";
		};
		3067DC371FC3F8C700E17DFA /* RightPage */ = {
			isa = PBXGroup;
			children = (
				3067DC381FC3F8C700E17DFA /* RightViewController.h */,
				3067DC391FC3F8C700E17DFA /* RightViewController.m */,
			);
			path = RightPage;
			sourceTree = "<group>";
		};
		3067DC4B1FC3F95600E17DFA /* Animation */ = {
			isa = PBXGroup;
			children = (
				3067DC161FC3F8C500E17DFA /* CenterPage */,
				3067DC0F1FC3F8C400E17DFA /* DCPathButton */,
				3067DC2C1FC3F8C500E17DFA /* DWBubbleMenuButton */,
				3067DC291FC3F8C500E17DFA /* LeftPage */,
				3067DC321FC3F8C600E17DFA /* MCFireworksButton */,
				3067DC371FC3F8C700E17DFA /* RightPage */,
				3067DC2F1FC3F8C600E17DFA /* SWRevealViewController */,
			);
			path = Animation;
			sourceTree = "<group>";
		};
		3068797E1FC3BEA20060C62C /* swift */ = {
			isa = PBXGroup;
			children = (
				3068797F1FC3BEA20060C62C /* Live */,
				306879A61FC3BEA20060C62C /* Utiliy */,
			);
			path = swift;
			sourceTree = "<group>";
		};
		3068797F1FC3BEA20060C62C /* Live */ = {
			isa = PBXGroup;
			children = (
				306879801FC3BEA20060C62C /* Controller */,
				306879881FC3BEA20060C62C /* View */,
				306879921FC3BEA20060C62C /* ViewModel */,
				306879861FC3BEA20060C62C /* Model */,
			);
			path = Live;
			sourceTree = "<group>";
		};
		306879801FC3BEA20060C62C /* Controller */ = {
			isa = PBXGroup;
			children = (
				306879811FC3BEA20060C62C /* List */,
				306879841FC3BEA20060C62C /* Live */,
			);
			path = Controller;
			sourceTree = "<group>";
		};
		306879811FC3BEA20060C62C /* List */ = {
			isa = PBXGroup;
			children = (
				306879821FC3BEA20060C62C /* SwiftListViewController.swift */,
				306879831FC3BEA20060C62C /* SwiftListViewController.xib */,
			);
			path = List;
			sourceTree = "<group>";
		};
		306879841FC3BEA20060C62C /* Live */ = {
			isa = PBXGroup;
			children = (
				306879851FC3BEA20060C62C /* LiveViewController.swift */,
			);
			path = Live;
			sourceTree = "<group>";
		};
		306879861FC3BEA20060C62C /* Model */ = {
			isa = PBXGroup;
			children = (
				306879871FC3BEA20060C62C /* HomeModel.swift */,
			);
			path = Model;
			sourceTree = "<group>";
		};
		306879881FC3BEA20060C62C /* View */ = {
			isa = PBXGroup;
			children = (
				306879891FC3BEA20060C62C /* List */,
				3068798C1FC3BEA20060C62C /* Live */,
			);
			path = View;
			sourceTree = "<group>";
		};
		306879891FC3BEA20060C62C /* List */ = {
			isa = PBXGroup;
			children = (
				3068798A1FC3BEA20060C62C /* XJListTableViewCell.swift */,
				3068798B1FC3BEA20060C62C /* XJListTableViewCell.xib */,
			);
			path = List;
			sourceTree = "<group>";
		};
		3068798C1FC3BEA20060C62C /* Live */ = {
			isa = PBXGroup;
			children = (
				3068798D1FC3BEA20060C62C /* LiveTopCollectionView.swift */,
				3068798E1FC3BEA20060C62C /* LiveTopCollectionViewCell.swift */,
				3068798F1FC3BEA20060C62C /* LiveTopCollectionViewCell.xib */,
				306879901FC3BEA20060C62C /* LiveTopView.swift */,
				306879911FC3BEA20060C62C /* LiveTopView.xib */,
			);
			path = Live;
			sourceTree = "<group>";
		};
		306879921FC3BEA20060C62C /* ViewModel */ = {
			isa = PBXGroup;
			children = (
				306879931FC3BEA20060C62C /* XJHomeViewModel.swift */,
			);
			path = ViewModel;
			sourceTree = "<group>";
		};
		3068799B1FC3BEA20060C62C /* Resources */ = {
			isa = PBXGroup;
			children = (
				3068799A1FC3BEA20060C62C /* XJDomain.bundle */,
				3068799C1FC3BEA20060C62C /* b1.gif */,
				3068799D1FC3BEA20060C62C /* b2.gif */,
				3068799E1FC3BEA20060C62C /* b3.gif */,
				3068799F1FC3BEA20060C62C /* b4.gif */,
				306879A01FC3BEA20060C62C /* b5.gif */,
				306879A11FC3BEA20060C62C /* c1.gif */,
				306879A21FC3BEA20060C62C /* c2.gif */,
				306879A31FC3BEA20060C62C /* c3.gif */,
				306879A41FC3BEA20060C62C /* c4.png */,
				306879A51FC3BEA20060C62C /* d1.gif */,
			);
			path = Resources;
			sourceTree = "<group>";
		};
		306879A61FC3BEA20060C62C /* Utiliy */ = {
			isa = PBXGroup;
			children = (
				306879971FC3BEA20060C62C /* SwiftLiveNavigationController.swift */,
				306879AA1FC3BEA20060C62C /* SwiftNetworkRequest.swift */,
				306879A91FC3BEA20060C62C /* XLsn0wAnimationKit.swift */,
				306879A81FC3BEA20060C62C /* SwiftyPrefixHeader.swift */,
			);
			path = Utiliy;
			sourceTree = "<group>";
		};
		307B35911FC279460061C238 = {
			isa = PBXGroup;
			children = (
				307B359C1FC279460061C238 /* XLsn0wLive */,
				307B359B1FC279460061C238 /* Products */,
				5373A8590232B8A68916FB05 /* Pods */,
				8D6AFA1D4650C3264C921A1E /* Frameworks */,
			);
			sourceTree = "<group>";
		};
		307B359B1FC279460061C238 /* Products */ = {
			isa = PBXGroup;
			children = (
				307B359A1FC279460061C238 /* XLsn0wLive.app */,
			);
			name = Products;
			sourceTree = "<group>";
		};
		307B359C1FC279460061C238 /* XLsn0wLive */ = {
			isa = PBXGroup;
			children = (
				30D73E761FC28A4A001D2778 /* AppDelegate.h */,
				30D73E6E1FC28A49001D2778 /* AppDelegate.m */,
				306879981FC3BEA20060C62C /* SwiftLiveTabBarController.swift */,
				30D73E7A1FC28A4B001D2778 /* Assets.xcassets */,
				30D73E771FC28A4B001D2778 /* Info.plist */,
				30D73E751FC28A4A001D2778 /* main.m */,
				30D73E971FC299B3001D2778 /* LaunchScreen.storyboard */,
				30D73E781FC28A4B001D2778 /* PrefixHeader.pch */,
				30D73E9C1FC2D8C2001D2778 /* XLsn0wLive-Bridging-Header.h */,
				307B35C21FC285A60061C238 /* objc */,
				3068797E1FC3BEA20060C62C /* swift */,
				3067DC4B1FC3F95600E17DFA /* Animation */,
				3068799B1FC3BEA20060C62C /* Resources */,
				305EA7031FC2876300AE1FBC /* IJKMedia */,
			);
			path = XLsn0wLive;
			sourceTree = "<group>";
		};
		307B35B71FC285A60061C238 /* Utiliy */ = {
			isa = PBXGroup;
			children = (
				3023096E1FC66950002B4F04 /* HeartGiftAnimation */,
				307B35B81FC285A60061C238 /* AFNetwork.h */,
				307B35B91FC285A60061C238 /* AFNetwork.m */,
				307B35BA1FC285A60061C238 /* LiveNavigationController.h */,
				307B35BB1FC285A60061C238 /* LiveNavigationController.m */,
				307B35BC1FC285A60061C238 /* NSObject+Log.h */,
				307B35BD1FC285A60061C238 /* NSObject+Log.m */,
				307B35BE1FC285A60061C238 /* UIView+Extension.h */,
				307B35BF1FC285A60061C238 /* UIView+Extension.m */,
				307B35C01FC285A60061C238 /* UIViewController+Extend.h */,
				307B35C11FC285A60061C238 /* UIViewController+Extend.m */,
			);
			path = Utiliy;
			sourceTree = "<group>";
		};
		307B35C21FC285A60061C238 /* objc */ = {
			isa = PBXGroup;
			children = (
				3023096F1FC6CBBD002B4F04 /* Live */,
				307B35B71FC285A60061C238 /* Utiliy */,
			);
			path = objc;
			sourceTree = "<group>";
		};
		307B35C31FC285A60061C238 /* Controller */ = {
			isa = PBXGroup;
			children = (
				305DFD041FC57A00006BE4F1 /* List */,
				305DFD051FC57A12006BE4F1 /* Live */,
			);
			path = Controller;
			sourceTree = "<group>";
		};
		307B35C81FC285A60061C238 /* Model */ = {
			isa = PBXGroup;
			children = (
				307B35C91FC285A60061C238 /* PlayerModel.h */,
				307B35CA1FC285A60061C238 /* PlayerModel.m */,
			);
			path = Model;
			sourceTree = "<group>";
		};
		307B35CB1FC285A60061C238 /* View */ = {
			isa = PBXGroup;
			children = (
				307B35D01FC285A60061C238 /* ListCell.h */,
				307B35D11FC285A60061C238 /* ListCell.m */,
			);
			path = View;
			sourceTree = "<group>";
		};
		5373A8590232B8A68916FB05 /* Pods */ = {
			isa = PBXGroup;
			children = (
				036BFB8D18714780280BE5B8 /* Pods-XLsn0wLive.debug.xcconfig */,
				44EB7588762EEB080C67D8B8 /* Pods-XLsn0wLive.release.xcconfig */,
			);
			name = Pods;
			sourceTree = "<group>";
		};
		8D6AFA1D4650C3264C921A1E /* Frameworks */ = {
			isa = PBXGroup;
			children = (
				305EA7141FC2892000AE1FBC /* UIKit.framework */,
				305EA7131FC2886800AE1FBC /* VideoToolbox.framework */,
				305EA7121FC2885D00AE1FBC /* QuartzCore.framework */,
				305EA7111FC2885500AE1FBC /* OpenGLES.framework */,
				305EA7101FC2884D00AE1FBC /* MobileCoreServices.framework */,
				305EA70F1FC2883D00AE1FBC /* MediaPlayer.framework */,
				305EA70E1FC2883700AE1FBC /* CoreVideo.framework */,
				305EA70D1FC2882E00AE1FBC /* CoreMedia.framework */,
				305EA70C1FC2882800AE1FBC /* CoreGraphics.framework */,
				305EA70B1FC2882000AE1FBC /* AVFoundation.framework */,
				305EA70A1FC2880400AE1FBC /* AudioToolbox.framework */,
				305EA7081FC287FB00AE1FBC /* libbz2.tbd */,
				305EA7061FC287F200AE1FBC /* libz.tbd */,
				AB5A808504F1C83E19123276 /* Pods_XLsn0wLive.framework */,
			);
			name = Frameworks;
			sourceTree = "<group>";
		};
/* End PBXGroup section */

/* Begin PBXNativeTarget section */
		307B35991FC279460061C238 /* XLsn0wLive */ = {
			isa = PBXNativeTarget;
			buildConfigurationList = 307B35B01FC279460061C238 /* Build configuration list for PBXNativeTarget "XLsn0wLive" */;
			buildPhases = (
				773CF219CA7169DB8BACE30E /* [CP] Check Pods Manifest.lock */,
				307B35961FC279460061C238 /* Sources */,
				307B35971FC279460061C238 /* Frameworks */,
				307B35981FC279460061C238 /* Resources */,
				DD1FB54053AA1DC55B4FC176 /* [CP] Embed Pods Frameworks */,
				D8106936E16BF0D0C510C065 /* [CP] Copy Pods Resources */,
			);
			buildRules = (
			);
			dependencies = (
			);
			name = XLsn0wLive;
			productName = XLsn0wLive;
			productReference = 307B359A1FC279460061C238 /* XLsn0wLive.app */;
			productType = "com.apple.product-type.application";
		};
/* End PBXNativeTarget section */

/* Begin PBXProject section */
		307B35921FC279460061C238 /* Project object */ = {
			isa = PBXProject;
			attributes = {
				LastUpgradeCheck = 0910;
				ORGANIZATIONNAME = XLsn0w;
				TargetAttributes = {
					307B35991FC279460061C238 = {
						CreatedOnToolsVersion = 9.1;
						LastSwiftMigration = 0910;
						ProvisioningStyle = Automatic;
					};
				};
			};
			buildConfigurationList = 307B35951FC279460061C238 /* Build configuration list for PBXProject "XLsn0wLive" */;
			compatibilityVersion = "Xcode 8.0";
			developmentRegion = en;
			hasScannedForEncodings = 0;
			knownRegions = (
				en,
				Base,
			);
			mainGroup = 307B35911FC279460061C238;
			productRefGroup = 307B359B1FC279460061C238 /* Products */;
			projectDirPath = "";
			projectRoot = "";
			targets = (
				307B35991FC279460061C238 /* XLsn0wLive */,
			);
		};
/* End PBXProject section */

/* Begin PBXResourcesBuildPhase section */
		307B35981FC279460061C238 /* Resources */ = {
			isa = PBXResourcesBuildPhase;
			buildActionMask = 2147483647;
			files = (
				306879BE1FC3BEA20060C62C /* b4.gif in Resources */,
				30D73E991FC299B3001D2778 /* LaunchScreen.storyboard in Resources */,
				30D73E811FC28A4B001D2778 /* Assets.xcassets in Resources */,
				306879BC1FC3BEA20060C62C /* b2.gif in Resources */,
				306879C01FC3BEA20060C62C /* c1.gif in Resources */,
				306879B31FC3BEA20060C62C /* LiveTopCollectionViewCell.xib in Resources */,
				306879B01FC3BEA20060C62C /* XJListTableViewCell.xib in Resources */,
				306879C41FC3BEA20060C62C /* d1.gif in Resources */,
				306879BB1FC3BEA20060C62C /* b1.gif in Resources */,
				30D73E801FC28A4B001D2778 /* Info.plist in Resources */,
				306879BF1FC3BEA20060C62C /* b5.gif in Resources */,
				306879B51FC3BEA20060C62C /* LiveTopView.xib in Resources */,
				306879C31FC3BEA20060C62C /* c4.png in Resources */,
				306879C21FC3BEA20060C62C /* c3.gif in Resources */,
				306879BA1FC3BEA20060C62C /* XJDomain.bundle in Resources */,
				306879AC1FC3BEA20060C62C /* SwiftListViewController.xib in Resources */,
				306879BD1FC3BEA20060C62C /* b3.gif in Resources */,
				306879C11FC3BEA20060C62C /* c2.gif in Resources */,
			);
			runOnlyForDeploymentPostprocessing = 0;
		};
/* End PBXResourcesBuildPhase section */

/* Begin PBXShellScriptBuildPhase section */
		773CF219CA7169DB8BACE30E /* [CP] Check Pods Manifest.lock */ = {
			isa = PBXShellScriptBuildPhase;
			buildActionMask = 2147483647;
			files = (
			);
			inputPaths = (
				"${PODS_PODFILE_DIR_PATH}/Podfile.lock",
				"${PODS_ROOT}/Manifest.lock",
			);
			name = "[CP] Check Pods Manifest.lock";
			outputPaths = (
				"$(DERIVED_FILE_DIR)/Pods-XLsn0wLive-checkManifestLockResult.txt",
			);
			runOnlyForDeploymentPostprocessing = 0;
			shellPath = /bin/sh;
			shellScript = "diff \"${PODS_PODFILE_DIR_PATH}/Podfile.lock\" \"${PODS_ROOT}/Manifest.lock\" > /dev/null\nif [ $? != 0 ] ; then\n    # print error to STDERR\n    echo \"error: The sandbox is not in sync with the Podfile.lock. Run 'pod install' or update your CocoaPods installation.\" >&2\n    exit 1\nfi\n# This output is used by Xcode 'outputs' to avoid re-running this script phase.\necho \"SUCCESS\" > \"${SCRIPT_OUTPUT_FILE_0}\"\n";
			showEnvVarsInLog = 0;
		};
		D8106936E16BF0D0C510C065 /* [CP] Copy Pods Resources */ = {
			isa = PBXShellScriptBuildPhase;
			buildActionMask = 2147483647;
			files = (
			);
			inputPaths = (
				"${SRCROOT}/Pods/Target Support Files/Pods-XLsn0wLive/Pods-XLsn0wLive-resources.sh",
				"${PODS_ROOT}/MJRefresh/MJRefresh/MJRefresh.bundle",
				"${PODS_ROOT}/SVProgressHUD/SVProgressHUD/SVProgressHUD.bundle",
			);
			name = "[CP] Copy Pods Resources";
			outputPaths = (
				"${TARGET_BUILD_DIR}/${UNLOCALIZED_RESOURCES_FOLDER_PATH}",
			);
			runOnlyForDeploymentPostprocessing = 0;
			shellPath = /bin/sh;
			shellScript = "\"${SRCROOT}/Pods/Target Support Files/Pods-XLsn0wLive/Pods-XLsn0wLive-resources.sh\"\n";
			showEnvVarsInLog = 0;
		};
		DD1FB54053AA1DC55B4FC176 /* [CP] Embed Pods Frameworks */ = {
			isa = PBXShellScriptBuildPhase;
			buildActionMask = 2147483647;
			files = (
			);
			inputPaths = (
				"${SRCROOT}/Pods/Target Support Files/Pods-XLsn0wLive/Pods-XLsn0wLive-frameworks.sh",
				"${BUILT_PRODUCTS_DIR}/AFNetworking/AFNetworking.framework",
				"${BUILT_PRODUCTS_DIR}/Alamofire/Alamofire.framework",
				"${BUILT_PRODUCTS_DIR}/Kingfisher/Kingfisher.framework",
				"${BUILT_PRODUCTS_DIR}/MJRefresh/MJRefresh.framework",
				"${BUILT_PRODUCTS_DIR}/Masonry/Masonry.framework",
				"${BUILT_PRODUCTS_DIR}/SDWebImage/SDWebImage.framework",
				"${BUILT_PRODUCTS_DIR}/SVProgressHUD/SVProgressHUD.framework",
				"${BUILT_PRODUCTS_DIR}/SwiftyJSON/SwiftyJSON.framework",
			);
			name = "[CP] Embed Pods Frameworks";
			outputPaths = (
				"${TARGET_BUILD_DIR}/${FRAMEWORKS_FOLDER_PATH}/AFNetworking.framework",
				"${TARGET_BUILD_DIR}/${FRAMEWORKS_FOLDER_PATH}/Alamofire.framework",
				"${TARGET_BUILD_DIR}/${FRAMEWORKS_FOLDER_PATH}/Kingfisher.framework",
				"${TARGET_BUILD_DIR}/${FRAMEWORKS_FOLDER_PATH}/MJRefresh.framework",
				"${TARGET_BUILD_DIR}/${FRAMEWORKS_FOLDER_PATH}/Masonry.framework",
				"${TARGET_BUILD_DIR}/${FRAMEWORKS_FOLDER_PATH}/SDWebImage.framework",
				"${TARGET_BUILD_DIR}/${FRAMEWORKS_FOLDER_PATH}/SVProgressHUD.framework",
				"${TARGET_BUILD_DIR}/${FRAMEWORKS_FOLDER_PATH}/SwiftyJSON.framework",
			);
			runOnlyForDeploymentPostprocessing = 0;
			shellPath = /bin/sh;
			shellScript = "\"${SRCROOT}/Pods/Target Support Files/Pods-XLsn0wLive/Pods-XLsn0wLive-frameworks.sh\"\n";
			showEnvVarsInLog = 0;
		};
/* End PBXShellScriptBuildPhase section */

/* Begin PBXSourcesBuildPhase section */
		307B35961FC279460061C238 /* Sources */ = {
			isa = PBXSourcesBuildPhase;
			buildActionMask = 2147483647;
			files = (
				306879AB1FC3BEA20060C62C /* SwiftListViewController.swift in Sources */,
				3067DC4A1FC3F8C700E17DFA /* RightViewController.m in Sources */,
				3067DC421FC3F8C700E17DFA /* KeyFrameAnimationController.m in Sources */,
				306879C61FC3BEA20060C62C /* SwiftyPrefixHeader.swift in Sources */,
				3067DC3C1FC3F8C700E17DFA /* DCPathItemButton.m in Sources */,
				306879C81FC3BEA20060C62C /* SwiftNetworkRequest.swift in Sources */,
				306879B41FC3BEA20060C62C /* LiveTopView.swift in Sources */,
				307B35DB1FC285A60061C238 /* HeartGiftAnimationView.m in Sources */,
				307B35DC1FC285A60061C238 /* ListCell.m in Sources */,
				3067DC431FC3F8C700E17DFA /* TransitionAnimationController.m in Sources */,
				306879AE1FC3BEA20060C62C /* HomeModel.swift in Sources */,
				3067DC3F1FC3F8C700E17DFA /* BaseViewController.m in Sources */,
				306879B61FC3BEA20060C62C /* XJHomeViewModel.swift in Sources */,
				306879AD1FC3BEA20060C62C /* LiveViewController.swift in Sources */,
				307B35D71FC285A60061C238 /* ObjcListViewController.m in Sources */,
				307B35D41FC285A60061C238 /* NSObject+Log.m in Sources */,
				306879B11FC3BEA20060C62C /* LiveTopCollectionView.swift in Sources */,
				3067DC3E1FC3F8C700E17DFA /* BaseAnimationController.m in Sources */,
				307B35D51FC285A60061C238 /* UIView+Extension.m in Sources */,
				3067DC401FC3F8C700E17DFA /* ComprehensiveCaseController.m in Sources */,
				307B35D91FC285A60061C238 /* PlayerModel.m in Sources */,
				307B35D61FC285A60061C238 /* UIViewController+Extend.m in Sources */,
				3067DC461FC3F8C700E17DFA /* DWBubbleMenuButton.m in Sources */,
				306879B81FC3BEA20060C62C /* SwiftLiveNavigationController.swift in Sources */,
				30D73E7B1FC28A4B001D2778 /* AppDelegate.m in Sources */,
				3067DC3A1FC3F8C700E17DFA /* DCPathButton.m in Sources */,
				307B35D21FC285A60061C238 /* AFNetwork.m in Sources */,
				3067DC471FC3F8C700E17DFA /* SWRevealViewController.m in Sources */,
				3067DC411FC3F8C700E17DFA /* GroupAnimationController.m in Sources */,
				3067DC451FC3F8C700E17DFA /* LeftViewController.m in Sources */,
				3067DC481FC3F8C700E17DFA /* MCFireworksButton.m in Sources */,
				3067DC491FC3F8C700E17DFA /* MCFireworksView.m in Sources */,
				307B35D31FC285A60061C238 /* LiveNavigationController.m in Sources */,
				30D73E7F1FC28A4B001D2778 /* main.m in Sources */,
				306879AF1FC3BEA20060C62C /* XJListTableViewCell.swift in Sources */,
				306879B91FC3BEA20060C62C /* SwiftLiveTabBarController.swift in Sources */,
				3067DC3B1FC3F8C700E17DFA /* DCPathCenterButton.m in Sources */,
				3067DC441FC3F8C700E17DFA /* TitleButton.m in Sources */,
				307B35D81FC285A60061C238 /* PlayerViewController.m in Sources */,
				306879B21FC3BEA20060C62C /* LiveTopCollectionViewCell.swift in Sources */,
				306879C71FC3BEA20060C62C /* XLsn0wAnimationKit.swift in Sources */,
				3067DC3D1FC3F8C700E17DFA /* AffineTransformController.m in Sources */,
			);
			runOnlyForDeploymentPostprocessing = 0;
		};
/* End PBXSourcesBuildPhase section */

/* Begin XCBuildConfiguration section */
		307B35AE1FC279460061C238 /* Debug */ = {
			isa = XCBuildConfiguration;
			buildSettings = {
				ALWAYS_SEARCH_USER_PATHS = NO;
				CLANG_ANALYZER_NONNULL = YES;
				CLANG_ANALYZER_NUMBER_OBJECT_CONVERSION = YES_AGGRESSIVE;
				CLANG_CXX_LANGUAGE_STANDARD = "gnu++14";
				CLANG_CXX_LIBRARY = "libc++";
				CLANG_ENABLE_MODULES = YES;
				CLANG_ENABLE_OBJC_ARC = YES;
				CLANG_WARN_BLOCK_CAPTURE_AUTORELEASING = YES;
				CLANG_WARN_BOOL_CONVERSION = YES;
				CLANG_WARN_COMMA = YES;
				CLANG_WARN_CONSTANT_CONVERSION = YES;
				CLANG_WARN_DIRECT_OBJC_ISA_USAGE = YES_ERROR;
				CLANG_WARN_DOCUMENTATION_COMMENTS = YES;
				CLANG_WARN_EMPTY_BODY = YES;
				CLANG_WARN_ENUM_CONVERSION = YES;
				CLANG_WARN_INFINITE_RECURSION = YES;
				CLANG_WARN_INT_CONVERSION = YES;
				CLANG_WARN_NON_LITERAL_NULL_CONVERSION = YES;
				CLANG_WARN_OBJC_LITERAL_CONVERSION = YES;
				CLANG_WARN_OBJC_ROOT_CLASS = YES_ERROR;
				CLANG_WARN_RANGE_LOOP_ANALYSIS = YES;
				CLANG_WARN_STRICT_PROTOTYPES = YES;
				CLANG_WARN_SUSPICIOUS_MOVE = YES;
				CLANG_WARN_UNGUARDED_AVAILABILITY = YES_AGGRESSIVE;
				CLANG_WARN_UNREACHABLE_CODE = YES;
				CLANG_WARN__DUPLICATE_METHOD_MATCH = YES;
				CODE_SIGN_IDENTITY = "iPhone Developer";
				COPY_PHASE_STRIP = NO;
				DEBUG_INFORMATION_FORMAT = dwarf;
				ENABLE_STRICT_OBJC_MSGSEND = YES;
				ENABLE_TESTABILITY = YES;
				GCC_C_LANGUAGE_STANDARD = gnu11;
				GCC_DYNAMIC_NO_PIC = NO;
				GCC_NO_COMMON_BLOCKS = YES;
				GCC_OPTIMIZATION_LEVEL = 0;
				GCC_PREFIX_HEADER = XLsn0wLive/PrefixHeader.pch;
				GCC_PREPROCESSOR_DEFINITIONS = (
					"DEBUG=1",
					"$(inherited)",
				);
				GCC_WARN_64_TO_32_BIT_CONVERSION = YES;
				GCC_WARN_ABOUT_RETURN_TYPE = YES_ERROR;
				GCC_WARN_UNDECLARED_SELECTOR = YES;
				GCC_WARN_UNINITIALIZED_AUTOS = YES_AGGRESSIVE;
				GCC_WARN_UNUSED_FUNCTION = YES;
				GCC_WARN_UNUSED_VARIABLE = YES;
				IPHONEOS_DEPLOYMENT_TARGET = 11.1;
				MTL_ENABLE_DEBUG_INFO = YES;
				ONLY_ACTIVE_ARCH = YES;
				SDKROOT = iphoneos;
			};
			name = Debug;
		};
		307B35AF1FC279460061C238 /* Release */ = {
			isa = XCBuildConfiguration;
			buildSettings = {
				ALWAYS_SEARCH_USER_PATHS = NO;
				CLANG_ANALYZER_NONNULL = YES;
				CLANG_ANALYZER_NUMBER_OBJECT_CONVERSION = YES_AGGRESSIVE;
				CLANG_CXX_LANGUAGE_STANDARD = "gnu++14";
				CLANG_CXX_LIBRARY = "libc++";
				CLANG_ENABLE_MODULES = YES;
				CLANG_ENABLE_OBJC_ARC = YES;
				CLANG_WARN_BLOCK_CAPTURE_AUTORELEASING = YES;
				CLANG_WARN_BOOL_CONVERSION = YES;
				CLANG_WARN_COMMA = YES;
				CLANG_WARN_CONSTANT_CONVERSION = YES;
				CLANG_WARN_DIRECT_OBJC_ISA_USAGE = YES_ERROR;
				CLANG_WARN_DOCUMENTATION_COMMENTS = YES;
				CLANG_WARN_EMPTY_BODY = YES;
				CLANG_WARN_ENUM_CONVERSION = YES;
				CLANG_WARN_INFINITE_RECURSION = YES;
				CLANG_WARN_INT_CONVERSION = YES;
				CLANG_WARN_NON_LITERAL_NULL_CONVERSION = YES;
				CLANG_WARN_OBJC_LITERAL_CONVERSION = YES;
				CLANG_WARN_OBJC_ROOT_CLASS = YES_ERROR;
				CLANG_WARN_RANGE_LOOP_ANALYSIS = YES;
				CLANG_WARN_STRICT_PROTOTYPES = YES;
				CLANG_WARN_SUSPICIOUS_MOVE = YES;
				CLANG_WARN_UNGUARDED_AVAILABILITY = YES_AGGRESSIVE;
				CLANG_WARN_UNREACHABLE_CODE = YES;
				CLANG_WARN__DUPLICATE_METHOD_MATCH = YES;
				CODE_SIGN_IDENTITY = "iPhone Developer";
				COPY_PHASE_STRIP = NO;
				DEBUG_INFORMATION_FORMAT = "dwarf-with-dsym";
				ENABLE_NS_ASSERTIONS = NO;
				ENABLE_STRICT_OBJC_MSGSEND = YES;
				GCC_C_LANGUAGE_STANDARD = gnu11;
				GCC_NO_COMMON_BLOCKS = YES;
				GCC_PREFIX_HEADER = XLsn0wLive/PrefixHeader.pch;
				GCC_WARN_64_TO_32_BIT_CONVERSION = YES;
				GCC_WARN_ABOUT_RETURN_TYPE = YES_ERROR;
				GCC_WARN_UNDECLARED_SELECTOR = YES;
				GCC_WARN_UNINITIALIZED_AUTOS = YES_AGGRESSIVE;
				GCC_WARN_UNUSED_FUNCTION = YES;
				GCC_WARN_UNUSED_VARIABLE = YES;
				IPHONEOS_DEPLOYMENT_TARGET = 11.1;
				MTL_ENABLE_DEBUG_INFO = NO;
				SDKROOT = iphoneos;
				VALIDATE_PRODUCT = YES;
			};
			name = Release;
		};
		307B35B11FC279460061C238 /* Debug */ = {
			isa = XCBuildConfiguration;
			baseConfigurationReference = 036BFB8D18714780280BE5B8 /* Pods-XLsn0wLive.debug.xcconfig */;
			buildSettings = {
				ASSETCATALOG_COMPILER_APPICON_NAME = AppIcon;
				CLANG_ENABLE_MODULES = YES;
				CODE_SIGN_STYLE = Automatic;
				DEFINES_MODULE = YES;
				DEVELOPMENT_TEAM = "";
				FRAMEWORK_SEARCH_PATHS = (
					"$(inherited)",
					"$(PROJECT_DIR)/XLsn0wLive/IJKMedia",
				);
				GCC_PREFIX_HEADER = XLsn0wLive/PrefixHeader.pch;
				INFOPLIST_FILE = XLsn0wLive/Info.plist;
				IPHONEOS_DEPLOYMENT_TARGET = 9.0;
				LD_RUNPATH_SEARCH_PATHS = "$(inherited) @executable_path/Frameworks";
				PRODUCT_BUNDLE_IDENTIFIER = com.xlsn0w.XLsn0wLive;
				PRODUCT_NAME = "$(TARGET_NAME)";
				SWIFT_OBJC_BRIDGING_HEADER = "XLsn0wLive/XLsn0wLive-Bridging-Header.h";
				SWIFT_OPTIMIZATION_LEVEL = "-Onone";
				SWIFT_VERSION = 3.0;
				TARGETED_DEVICE_FAMILY = 1;
			};
			name = Debug;
		};
		307B35B21FC279460061C238 /* Release */ = {
			isa = XCBuildConfiguration;
			baseConfigurationReference = 44EB7588762EEB080C67D8B8 /* Pods-XLsn0wLive.release.xcconfig */;
			buildSettings = {
				ASSETCATALOG_COMPILER_APPICON_NAME = AppIcon;
				CLANG_ENABLE_MODULES = YES;
				CODE_SIGN_STYLE = Automatic;
				DEFINES_MODULE = YES;
				DEVELOPMENT_TEAM = "";
				FRAMEWORK_SEARCH_PATHS = (
					"$(inherited)",
					"$(PROJECT_DIR)/XLsn0wLive/IJKMedia",
				);
				GCC_PREFIX_HEADER = XLsn0wLive/PrefixHeader.pch;
				INFOPLIST_FILE = XLsn0wLive/Info.plist;
				IPHONEOS_DEPLOYMENT_TARGET = 9.0;
				LD_RUNPATH_SEARCH_PATHS = "$(inherited) @executable_path/Frameworks";
				PRODUCT_BUNDLE_IDENTIFIER = com.xlsn0w.XLsn0wLive;
				PRODUCT_NAME = "$(TARGET_NAME)";
				SWIFT_OBJC_BRIDGING_HEADER = "XLsn0wLive/XLsn0wLive-Bridging-Header.h";
				SWIFT_VERSION = 3.0;
				TARGETED_DEVICE_FAMILY = 1;
			};
			name = Release;
		};
/* End XCBuildConfiguration section */

/* Begin XCConfigurationList section */
		307B35951FC279460061C238 /* Build configuration list for PBXProject "XLsn0wLive" */ = {
			isa = XCConfigurationList;
			buildConfigurations = (
				307B35AE1FC279460061C238 /* Debug */,
				307B35AF1FC279460061C238 /* Release */,
			);
			defaultConfigurationIsVisible = 0;
			defaultConfigurationName = Release;
		};
		307B35B01FC279460061C238 /* Build configuration list for PBXNativeTarget "XLsn0wLive" */ = {
			isa = XCConfigurationList;
			buildConfigurations = (
				307B35B11FC279460061C238 /* Debug */,
				307B35B21FC279460061C238 /* Release */,
			);
			defaultConfigurationIsVisible = 0;
			defaultConfigurationName = Release;
		};
/* End XCConfigurationList section */
	};
	rootObject = 307B35921FC279460061C238 /* Project object */;
}
